
Microsoft Visual Studio Solution File, Format Version 12.00
# Visual Studio Version 16
VisualStudioVersion = 16.0.30907.101
MinimumVisualStudioVersion = 10.0.40219.1
Project("{FAE04EC0-301F-11D3-BF4B-00C04F79EFBC}") = "Constructure1", "Constructure1\Constructure1.csproj", "{EDD1F062-FE94-4423-83E2-32969317A06F}"
EndProject
Global
	GlobalSection(SolutionConfigurationPlatforms) = preSolution
		Debug|Any CPU = Debug|Any CPU
		Release|Any CPU = Release|Any CPU
	EndGlobalSection
	GlobalSection(ProjectConfigurationPlatforms) = postSolution
		{EDD1F062-FE94-4423-83E2-32969317A06F}.Debug|Any CPU.ActiveCfg = Debug|Any CPU
		{EDD1F062-FE94-4423-83E2-32969317A06F}.Debug|Any CPU.Build.0 = Debug|Any CPU
		{EDD1F062-FE94-4423-83E2-32969317A06F}.Release|Any CPU.ActiveCfg = Release|Any CPU
		{EDD1F062-FE94-4423-83E2-32969317A06F}.Release|Any CPU.Build.0 = Release|Any CPU
	EndGlobalSection
	GlobalSection(SolutionProperties) = preSolution
		HideSolutionNode = FALSE
	EndGlobalSection
	GlobalSection(ExtensibilityGlobals) = postSolution
		SolutionGuid = {FC60DDC6-1363-43F5-900B-F069FD0E6D74}
	EndGlobalSection
EndGlobal
